# THIS IS AN AUTOGENERATED FILE. DO NOT EDIT THIS FILE DIRECTLY.
# yarn lockfile v1


"@agent/openai@npm:@jsr/agent__openai@^0.0.7":
  version "0.0.7"
  resolved "https://npm.jsr.io/~/11/@jsr/agent__openai/0.0.7.tgz#A50BBFD94FD42E6E2204E365468441515E074984"
  integrity sha512-w8ohonmEeZUCSbxzmdzDqyF3gJ5wFh02vBcGWf0lmDBnDnBniLMqtlti6b32AN4YMquKzLCe2CPtaBrfLFql3Q==
  dependencies:
    "@jsr/agent__tool" "^0.0.4"
    "@jsr/lukeed__fetch-event-stream" "^0.1.5"
    "@jsr/lukeed__tschema" "^3"
    ajv "^8.17"

"@agent/tool@npm:@jsr/agent__tool@^0.0.4":
  version "0.0.4"
  resolved "https://npm.jsr.io/~/11/@jsr/agent__tool/0.0.4.tgz#2A381807A791C54D9CCCB7454D618475B9508B81"
  integrity sha512-6Rl4eTv1Kb9G/oN27uiJhvtsR+8p1lnSx0+5tyWdlfHmuuspFQoJZNAdx4GpuC/6ud3Gn4TP6/PAR8F66O/IMQ==
  dependencies:
    "@jsr/lukeed__tschema" "^3"

"@esbuild/aix-ppc64@0.23.1":
  version "0.23.1"
  resolved "https://registry.yarnpkg.com/@esbuild/aix-ppc64/-/aix-ppc64-0.23.1.tgz#51299374de171dbd80bb7d838e1cfce9af36f353"
  integrity sha512-6VhYk1diRqrhBAqpJEdjASR/+WVRtfjpqKuNw11cLiaWpAT/Uu+nokB+UJnevzy/P9C/ty6AOe0dwueMrGh/iQ==

"@esbuild/android-arm64@0.23.1":
  version "0.23.1"
  resolved "https://registry.yarnpkg.com/@esbuild/android-arm64/-/android-arm64-0.23.1.tgz#58565291a1fe548638adb9c584237449e5e14018"
  integrity sha512-xw50ipykXcLstLeWH7WRdQuysJqejuAGPd30vd1i5zSyKK3WE+ijzHmLKxdiCMtH1pHz78rOg0BKSYOSB/2Khw==

"@esbuild/android-arm@0.23.1":
  version "0.23.1"
  resolved "https://registry.yarnpkg.com/@esbuild/android-arm/-/android-arm-0.23.1.tgz#5eb8c652d4c82a2421e3395b808e6d9c42c862ee"
  integrity sha512-uz6/tEy2IFm9RYOyvKl88zdzZfwEfKZmnX9Cj1BHjeSGNuGLuMD1kR8y5bteYmwqKm1tj8m4cb/aKEorr6fHWQ==

"@esbuild/android-x64@0.23.1":
  version "0.23.1"
  resolved "https://registry.yarnpkg.com/@esbuild/android-x64/-/android-x64-0.23.1.tgz#ae19d665d2f06f0f48a6ac9a224b3f672e65d517"
  integrity sha512-nlN9B69St9BwUoB+jkyU090bru8L0NA3yFvAd7k8dNsVH8bi9a8cUAUSEcEEgTp2z3dbEDGJGfP6VUnkQnlReg==

"@esbuild/darwin-arm64@0.23.1":
  version "0.23.1"
  resolved "https://registry.yarnpkg.com/@esbuild/darwin-arm64/-/darwin-arm64-0.23.1.tgz#05b17f91a87e557b468a9c75e9d85ab10c121b16"
  integrity sha512-YsS2e3Wtgnw7Wq53XXBLcV6JhRsEq8hkfg91ESVadIrzr9wO6jJDMZnCQbHm1Guc5t/CdDiFSSfWP58FNuvT3Q==

"@esbuild/darwin-x64@0.23.1":
  version "0.23.1"
  resolved "https://registry.yarnpkg.com/@esbuild/darwin-x64/-/darwin-x64-0.23.1.tgz#c58353b982f4e04f0d022284b8ba2733f5ff0931"
  integrity sha512-aClqdgTDVPSEGgoCS8QDG37Gu8yc9lTHNAQlsztQ6ENetKEO//b8y31MMu2ZaPbn4kVsIABzVLXYLhCGekGDqw==

"@esbuild/freebsd-arm64@0.23.1":
  version "0.23.1"
  resolved "https://registry.yarnpkg.com/@esbuild/freebsd-arm64/-/freebsd-arm64-0.23.1.tgz#f9220dc65f80f03635e1ef96cfad5da1f446f3bc"
  integrity sha512-h1k6yS8/pN/NHlMl5+v4XPfikhJulk4G+tKGFIOwURBSFzE8bixw1ebjluLOjfwtLqY0kewfjLSrO6tN2MgIhA==

"@esbuild/freebsd-x64@0.23.1":
  version "0.23.1"
  resolved "https://registry.yarnpkg.com/@esbuild/freebsd-x64/-/freebsd-x64-0.23.1.tgz#69bd8511fa013b59f0226d1609ac43f7ce489730"
  integrity sha512-lK1eJeyk1ZX8UklqFd/3A60UuZ/6UVfGT2LuGo3Wp4/z7eRTRYY+0xOu2kpClP+vMTi9wKOfXi2vjUpO1Ro76g==

"@esbuild/linux-arm64@0.23.1":
  version "0.23.1"
  resolved "https://registry.yarnpkg.com/@esbuild/linux-arm64/-/linux-arm64-0.23.1.tgz#8050af6d51ddb388c75653ef9871f5ccd8f12383"
  integrity sha512-/93bf2yxencYDnItMYV/v116zff6UyTjo4EtEQjUBeGiVpMmffDNUyD9UN2zV+V3LRV3/on4xdZ26NKzn6754g==

"@esbuild/linux-arm@0.23.1":
  version "0.23.1"
  resolved "https://registry.yarnpkg.com/@esbuild/linux-arm/-/linux-arm-0.23.1.tgz#ecaabd1c23b701070484990db9a82f382f99e771"
  integrity sha512-CXXkzgn+dXAPs3WBwE+Kvnrf4WECwBdfjfeYHpMeVxWE0EceB6vhWGShs6wi0IYEqMSIzdOF1XjQ/Mkm5d7ZdQ==

"@esbuild/linux-ia32@0.23.1":
  version "0.23.1"
  resolved "https://registry.yarnpkg.com/@esbuild/linux-ia32/-/linux-ia32-0.23.1.tgz#3ed2273214178109741c09bd0687098a0243b333"
  integrity sha512-VTN4EuOHwXEkXzX5nTvVY4s7E/Krz7COC8xkftbbKRYAl96vPiUssGkeMELQMOnLOJ8k3BY1+ZY52tttZnHcXQ==

"@esbuild/linux-loong64@0.23.1":
  version "0.23.1"
  resolved "https://registry.yarnpkg.com/@esbuild/linux-loong64/-/linux-loong64-0.23.1.tgz#a0fdf440b5485c81b0fbb316b08933d217f5d3ac"
  integrity sha512-Vx09LzEoBa5zDnieH8LSMRToj7ir/Jeq0Gu6qJ/1GcBq9GkfoEAoXvLiW1U9J1qE/Y/Oyaq33w5p2ZWrNNHNEw==

"@esbuild/linux-mips64el@0.23.1":
  version "0.23.1"
  resolved "https://registry.yarnpkg.com/@esbuild/linux-mips64el/-/linux-mips64el-0.23.1.tgz#e11a2806346db8375b18f5e104c5a9d4e81807f6"
  integrity sha512-nrFzzMQ7W4WRLNUOU5dlWAqa6yVeI0P78WKGUo7lg2HShq/yx+UYkeNSE0SSfSure0SqgnsxPvmAUu/vu0E+3Q==

"@esbuild/linux-ppc64@0.23.1":
  version "0.23.1"
  resolved "https://registry.yarnpkg.com/@esbuild/linux-ppc64/-/linux-ppc64-0.23.1.tgz#06a2744c5eaf562b1a90937855b4d6cf7c75ec96"
  integrity sha512-dKN8fgVqd0vUIjxuJI6P/9SSSe/mB9rvA98CSH2sJnlZ/OCZWO1DJvxj8jvKTfYUdGfcq2dDxoKaC6bHuTlgcw==

"@esbuild/linux-riscv64@0.23.1":
  version "0.23.1"
  resolved "https://registry.yarnpkg.com/@esbuild/linux-riscv64/-/linux-riscv64-0.23.1.tgz#65b46a2892fc0d1af4ba342af3fe0fa4a8fe08e7"
  integrity sha512-5AV4Pzp80fhHL83JM6LoA6pTQVWgB1HovMBsLQ9OZWLDqVY8MVobBXNSmAJi//Csh6tcY7e7Lny2Hg1tElMjIA==

"@esbuild/linux-s390x@0.23.1":
  version "0.23.1"
  resolved "https://registry.yarnpkg.com/@esbuild/linux-s390x/-/linux-s390x-0.23.1.tgz#e71ea18c70c3f604e241d16e4e5ab193a9785d6f"
  integrity sha512-9ygs73tuFCe6f6m/Tb+9LtYxWR4c9yg7zjt2cYkjDbDpV/xVn+68cQxMXCjUpYwEkze2RcU/rMnfIXNRFmSoDw==

"@esbuild/linux-x64@0.23.1":
  version "0.23.1"
  resolved "https://registry.yarnpkg.com/@esbuild/linux-x64/-/linux-x64-0.23.1.tgz#d47f97391e80690d4dfe811a2e7d6927ad9eed24"
  integrity sha512-EV6+ovTsEXCPAp58g2dD68LxoP/wK5pRvgy0J/HxPGB009omFPv3Yet0HiaqvrIrgPTBuC6wCH1LTOY91EO5hQ==

"@esbuild/netbsd-x64@0.23.1":
  version "0.23.1"
  resolved "https://registry.yarnpkg.com/@esbuild/netbsd-x64/-/netbsd-x64-0.23.1.tgz#44e743c9778d57a8ace4b72f3c6b839a3b74a653"
  integrity sha512-aevEkCNu7KlPRpYLjwmdcuNz6bDFiE7Z8XC4CPqExjTvrHugh28QzUXVOZtiYghciKUacNktqxdpymplil1beA==

"@esbuild/openbsd-arm64@0.23.1":
  version "0.23.1"
  resolved "https://registry.yarnpkg.com/@esbuild/openbsd-arm64/-/openbsd-arm64-0.23.1.tgz#05c5a1faf67b9881834758c69f3e51b7dee015d7"
  integrity sha512-3x37szhLexNA4bXhLrCC/LImN/YtWis6WXr1VESlfVtVeoFJBRINPJ3f0a/6LV8zpikqoUg4hyXw0sFBt5Cr+Q==

"@esbuild/openbsd-x64@0.23.1":
  version "0.23.1"
  resolved "https://registry.yarnpkg.com/@esbuild/openbsd-x64/-/openbsd-x64-0.23.1.tgz#2e58ae511bacf67d19f9f2dcd9e8c5a93f00c273"
  integrity sha512-aY2gMmKmPhxfU+0EdnN+XNtGbjfQgwZj43k8G3fyrDM/UdZww6xrWxmDkuz2eCZchqVeABjV5BpildOrUbBTqA==

"@esbuild/sunos-x64@0.23.1":
  version "0.23.1"
  resolved "https://registry.yarnpkg.com/@esbuild/sunos-x64/-/sunos-x64-0.23.1.tgz#adb022b959d18d3389ac70769cef5a03d3abd403"
  integrity sha512-RBRT2gqEl0IKQABT4XTj78tpk9v7ehp+mazn2HbUeZl1YMdaGAQqhapjGTCe7uw7y0frDi4gS0uHzhvpFuI1sA==

"@esbuild/win32-arm64@0.23.1":
  version "0.23.1"
  resolved "https://registry.yarnpkg.com/@esbuild/win32-arm64/-/win32-arm64-0.23.1.tgz#84906f50c212b72ec360f48461d43202f4c8b9a2"
  integrity sha512-4O+gPR5rEBe2FpKOVyiJ7wNDPA8nGzDuJ6gN4okSA1gEOYZ67N8JPk58tkWtdtPeLz7lBnY6I5L3jdsr3S+A6A==

"@esbuild/win32-ia32@0.23.1":
  version "0.23.1"
  resolved "https://registry.yarnpkg.com/@esbuild/win32-ia32/-/win32-ia32-0.23.1.tgz#5e3eacc515820ff729e90d0cb463183128e82fac"
  integrity sha512-BcaL0Vn6QwCwre3Y717nVHZbAa4UBEigzFm6VdsVdT/MbZ38xoj1X9HPkZhbmaBGUD1W8vxAfffbDe8bA6AKnQ==

"@esbuild/win32-x64@0.23.1":
  version "0.23.1"
  resolved "https://registry.yarnpkg.com/@esbuild/win32-x64/-/win32-x64-0.23.1.tgz#81fd50d11e2c32b2d6241470e3185b70c7b30699"
  integrity sha512-BHpFFeslkWrXWyUPnbKm+xYYVYruCinGcftSBaa8zoF9hZO4BcSCFUvHVTtzpIY6YzUnYtuEhZ+C9iEXjxnasg==

"@jsr/agent__tool@^0.0.4":
  version "0.0.4"
  resolved "https://npm.jsr.io/~/11/@jsr/agent__tool/0.0.4.tgz#2A381807A791C54D9CCCB7454D618475B9508B81"
  integrity sha512-6Rl4eTv1Kb9G/oN27uiJhvtsR+8p1lnSx0+5tyWdlfHmuuspFQoJZNAdx4GpuC/6ud3Gn4TP6/PAR8F66O/IMQ==
  dependencies:
    "@jsr/lukeed__tschema" "^3"

"@jsr/lukeed__fetch-event-stream@^0.1.5":
  version "0.1.5"
  resolved "https://npm.jsr.io/~/11/@jsr/lukeed__fetch-event-stream/0.1.5.tgz#AB54960634E3DCA7FC269348C94082A1FADA4CF1"
  integrity sha512-eKRWuWd2A5tKVeDwCvqBkgw/na6/GiIHAx5D9bC2P9SgC2wCdp7LCqYXScyRDJiBHXuzE02VweoR4eHhJAACAw==
  dependencies:
    "@jsr/std__http" "^0.221.0"
    "@jsr/std__streams" "^0.221.0"

"@jsr/lukeed__tschema@^3":
  version "3.2.0"
  resolved "https://npm.jsr.io/~/11/@jsr/lukeed__tschema/3.2.0.tgz#C92C2D5506141CA48476A065A7D93BA9C14E5CAA"
  integrity sha512-4H57BUcdXalsVroC/zKL8hStcfCM903/NNzfer7+vzgFjtWXj8o/Cf2FEbhxuyr/uqodtYmguQsCMQT5TxEZeg==

"@jsr/std__assert@^0.221.0":
  version "0.221.0"
  resolved "https://npm.jsr.io/~/11/@jsr/std__assert/0.221.0.tgz#536DC00B9925643007D99DF0E3491E64573A23EA"
  integrity sha512-Y+nGzU7AiBuMGt9i7lwADiJ5ZpSwYr1f3ee3dnUIkUF9BuzX+sMJf6v2QGYDOOfo1EdNZCslQZlj3x62mwnw9w==
  dependencies:
    "@jsr/std__fmt" "^0.221.0"

"@jsr/std__async@^0.221.0":
  version "0.221.0"
  resolved "https://npm.jsr.io/~/11/@jsr/std__async/0.221.0.tgz#B6046F2883EDED4E7A00D3DA081285F1954E43A4"
  integrity sha512-XSpx1R+OreKnXiyRT6Q0NEh7kx267TKs8PmyFfsyxG96bHsVTo0mZqjgERayNoQXApQwPMmhJ6HxV7YkG3qXVA==
  dependencies:
    "@jsr/std__assert" "^0.221.0"

"@jsr/std__bytes@^0.221.0":
  version "0.221.0"
  resolved "https://npm.jsr.io/~/11/@jsr/std__bytes/0.221.0.tgz#B2C985F47BECB5B0243F26624B2FD5BD6180CC1F"
  integrity sha512-Up6rVjTAjtSKcV3JYRIZk/BPGoAo7CvORaomtsU+lM6+P7mwzrcriOHGsvEmlYHp6d0lKstADhqbq9RQOzjH+Q==

"@jsr/std__cli@^0.221.0":
  version "0.221.0"
  resolved "https://npm.jsr.io/~/11/@jsr/std__cli/0.221.0.tgz#DD84B2DCA21102A7C5DDD025397BE42C32FBDCD5"
  integrity sha512-9eUIwiPEzMsgpc5zsrCBaiVZwdvrDDfCsAQ1SHIopRxlNAAOXS07OhE9cPPYP2AN9/5Qul2v+zs+wlAWe2Bahg==
  dependencies:
    "@jsr/std__assert" "^0.221.0"

"@jsr/std__encoding@^0.221.0":
  version "0.221.0"
  resolved "https://npm.jsr.io/~/11/@jsr/std__encoding/0.221.0.tgz#41BC78DDE3A03759F56BE883838E7FDA83018533"
  integrity sha512-fWvwcY1zzMTPt97PVRwHaM5Vyh27NsAeX6yxy9YSLbXjDnW6zjMGmQC5qJqDAz7d8IWq/uUTPZ+A1kr1ps2eUA==

"@jsr/std__fmt@^0.221.0":
  version "0.221.0"
  resolved "https://npm.jsr.io/~/11/@jsr/std__fmt/0.221.0.tgz#0ABBDCDDA79C4F0EE999E62616B70F89677169CE"
  integrity sha512-PErSfwKu1c9yl0a4J1U3f6PR1eZFU451Meok3d4i6OnuM8YCwqndfK/KzdIr7eYykkvB2ln/6JnF/wV37zil4A==

"@jsr/std__http@^0.221.0":
  version "0.221.0"
  resolved "https://npm.jsr.io/~/11/@jsr/std__http/0.221.0.tgz#A75A0F94FF71B29A15319934437524ACEA79D2F1"
  integrity sha512-uGJQQ+UE6WY9aKiyu/wAYaczLOPjUxtAYSHBJZ8y+ob5NmkW0DPoLKpfms6FmbS+Gi+Kzt6yTIWh8fshUiVwYw==
  dependencies:
    "@jsr/std__assert" "^0.221.0"
    "@jsr/std__async" "^0.221.0"
    "@jsr/std__cli" "^0.221.0"
    "@jsr/std__encoding" "^0.221.0"
    "@jsr/std__fmt" "^0.221.0"
    "@jsr/std__media-types" "^0.221.0"
    "@jsr/std__path" "^0.221.0"
    "@jsr/std__streams" "^0.221.0"

"@jsr/std__io@^0.221.0":
  version "0.221.0"
  resolved "https://npm.jsr.io/~/11/@jsr/std__io/0.221.0.tgz#7FD698570261E86A18E44A24338E1CE92EDD56EF"
  integrity sha512-+LRFk9iaTLq9shu9A0eiXyUMy4PqTxNPDkgEF2z8HZWgOGhwvhg9qilV9UimoaR72aZr/RGzxeDvIvdi34cg8A==
  dependencies:
    "@jsr/std__assert" "^0.221.0"
    "@jsr/std__bytes" "^0.221.0"

"@jsr/std__media-types@^0.221.0":
  version "0.221.0"
  resolved "https://npm.jsr.io/~/11/@jsr/std__media-types/0.221.0.tgz#CF140C42679F4FBF2856A0D031921C010BE22C0F"
  integrity sha512-1i4F5Omj2XO/G8ClHnKn+wBlDkIPt2/8l3WTEci+0r62EMSM0SSnr+QozNkJ4IdMOqUkhX96nhA1MAS7oT9KzA==

"@jsr/std__path@^0.221.0":
  version "0.221.0"
  resolved "https://npm.jsr.io/~/11/@jsr/std__path/0.221.0.tgz#2FBF06A1D54399527C459AFDC90E1B79A0FD379C"
  integrity sha512-O8iaP3yhg7nBXkoFsJS8KtL3kLESehM04YbkHEmW3hT93f1citXvR1chYVr7tlSyAcQSzc9WVvcLlX/T19XNhA==
  dependencies:
    "@jsr/std__assert" "^0.221.0"

"@jsr/std__streams@^0.221.0":
  version "0.221.0"
  resolved "https://npm.jsr.io/~/11/@jsr/std__streams/0.221.0.tgz#E93987B0888D4AAFAF46D1E2F06A8E81D1CDFF20"
  integrity sha512-B3bxCCQTRCSz0MAhdqkbj8wGQfYWtcQQzo7xGdwLK0u6vYNS7T0vLhuH+LIlZbn+/WEbOLuE9UPwpr6dK5v9xw==
  dependencies:
    "@jsr/std__assert" "^0.221.0"
    "@jsr/std__bytes" "^0.221.0"
    "@jsr/std__io" "^0.221.0"

"@octokit/app@^15.1.3":
  version "15.1.3"
  resolved "https://registry.yarnpkg.com/@octokit/app/-/app-15.1.3.tgz#fe90dad494b7a29abfa2efa7136a13dd5c95a443"
  integrity sha512-injaSv2CN8wZrhhnVky3HcQVEy4rRoIAm+OeCwNQzgQJn1OTglfT7RyMDaCbkiNWXDR0tkWLkWMv4duTTj765g==
  dependencies:
    "@octokit/auth-app" "^7.1.4"
    "@octokit/auth-unauthenticated" "^6.1.1"
    "@octokit/core" "^6.1.3"
    "@octokit/oauth-app" "^7.1.5"
    "@octokit/plugin-paginate-rest" "^11.3.6"
    "@octokit/types" "^13.6.2"
    "@octokit/webhooks" "^13.5.1"

"@octokit/auth-app@^7.1.4":
  version "7.1.4"
  resolved "https://registry.yarnpkg.com/@octokit/auth-app/-/auth-app-7.1.4.tgz#bd5a1fb813792ca6095de2a316580ca2f3826baa"
  integrity sha512-5F+3l/maq9JfWQ4bV28jT2G/K8eu9OJ317yzXPTGe4Kw+lKDhFaS4dQ3Ltmb6xImKxfCQdqDqMXODhc9YLipLw==
  dependencies:
    "@octokit/auth-oauth-app" "^8.1.2"
    "@octokit/auth-oauth-user" "^5.1.2"
    "@octokit/request" "^9.1.4"
    "@octokit/request-error" "^6.1.6"
    "@octokit/types" "^13.6.2"
    toad-cache "^3.7.0"
    universal-github-app-jwt "^2.2.0"
    universal-user-agent "^7.0.0"

"@octokit/auth-oauth-app@^8.1.2":
  version "8.1.2"
  resolved "https://registry.yarnpkg.com/@octokit/auth-oauth-app/-/auth-oauth-app-8.1.2.tgz#df91f059c79dc910e2c598eeee16279ee5eaf3f2"
  integrity sha512-3woNZgq5/S6RS+9ZTq+JdymxVr7E0s4EYxF20ugQvgX3pomdPUL5r/XdTY9wALoBM2eHVy4ettr5fKpatyTyHw==
  dependencies:
    "@octokit/auth-oauth-device" "^7.1.2"
    "@octokit/auth-oauth-user" "^5.1.2"
    "@octokit/request" "^9.1.4"
    "@octokit/types" "^13.6.2"
    universal-user-agent "^7.0.0"

"@octokit/auth-oauth-device@^7.1.2":
  version "7.1.2"
  resolved "https://registry.yarnpkg.com/@octokit/auth-oauth-device/-/auth-oauth-device-7.1.2.tgz#bd79003e780467f18b0ccf4ad488151769edf41b"
  integrity sha512-gTOIzDeV36OhVfxCl69FmvJix7tJIiU6dlxuzLVAzle7fYfO8UDyddr9B+o4CFQVaMBLMGZ9ak2CWMYcGeZnPw==
  dependencies:
    "@octokit/oauth-methods" "^5.1.3"
    "@octokit/request" "^9.1.4"
    "@octokit/types" "^13.6.2"
    universal-user-agent "^7.0.0"

"@octokit/auth-oauth-user@^5.1.2":
  version "5.1.2"
  resolved "https://registry.yarnpkg.com/@octokit/auth-oauth-user/-/auth-oauth-user-5.1.2.tgz#e0a74ed41c941ff0e916c20ffe224149209f9f15"
  integrity sha512-PgVDDPJgZYb3qSEXK4moksA23tfn68zwSAsQKZ1uH6IV9IaNEYx35OXXI80STQaLYnmEE86AgU0tC1YkM4WjsA==
  dependencies:
    "@octokit/auth-oauth-device" "^7.1.2"
    "@octokit/oauth-methods" "^5.1.2"
    "@octokit/request" "^9.1.4"
    "@octokit/types" "^13.6.2"
    universal-user-agent "^7.0.0"

"@octokit/auth-token@^5.0.0":
  version "5.1.2"
  resolved "https://registry.yarnpkg.com/@octokit/auth-token/-/auth-token-5.1.2.tgz#68a486714d7a7fd1df56cb9bc89a860a0de866de"
  integrity sha512-JcQDsBdg49Yky2w2ld20IHAlwr8d/d8N6NiOXbtuoPCqzbsiJgF633mVUw3x4mo0H5ypataQIX7SFu3yy44Mpw==

"@octokit/auth-unauthenticated@^6.1.1":
  version "6.1.1"
  resolved "https://registry.yarnpkg.com/@octokit/auth-unauthenticated/-/auth-unauthenticated-6.1.1.tgz#42f289e0a708fb8b0a34e8f175e99675252fbd40"
  integrity sha512-bGXqdN6RhSFHvpPq46SL8sN+F3odQ6oMNLWc875IgoqcC3qus+fOL2th6Tkl94wvdSTy8/OeHzWy/lZebmnhog==
  dependencies:
    "@octokit/request-error" "^6.1.6"
    "@octokit/types" "^13.6.2"

"@octokit/core@^6.1.3":
  version "6.1.3"
  resolved "https://registry.yarnpkg.com/@octokit/core/-/core-6.1.3.tgz#280d3bb66c702297baac0a202219dd66611286e4"
  integrity sha512-z+j7DixNnfpdToYsOutStDgeRzJSMnbj8T1C/oQjB6Aa+kRfNjs/Fn7W6c8bmlt6mfy3FkgeKBRnDjxQow5dow==
  dependencies:
    "@octokit/auth-token" "^5.0.0"
    "@octokit/graphql" "^8.1.2"
    "@octokit/request" "^9.1.4"
    "@octokit/request-error" "^6.1.6"
    "@octokit/types" "^13.6.2"
    before-after-hook "^3.0.2"
    universal-user-agent "^7.0.0"

"@octokit/endpoint@^10.0.0":
  version "10.1.2"
  resolved "https://registry.yarnpkg.com/@octokit/endpoint/-/endpoint-10.1.2.tgz#d38e727e2a64287114fdaa1eb9cd7c81c09460df"
  integrity sha512-XybpFv9Ms4hX5OCHMZqyODYqGTZ3H6K6Vva+M9LR7ib/xr1y1ZnlChYv9H680y77Vd/i/k+thXApeRASBQkzhA==
  dependencies:
    "@octokit/types" "^13.6.2"
    universal-user-agent "^7.0.2"

"@octokit/graphql@^8.1.2":
  version "8.2.0"
  resolved "https://registry.yarnpkg.com/@octokit/graphql/-/graphql-8.2.0.tgz#983a7ebc6479338d78921a1ca9b4095f85991e28"
  integrity sha512-gejfDywEml/45SqbWTWrhfwvLBrcGYhOn50sPOjIeVvH6i7D16/9xcFA8dAJNp2HMcd+g4vru41g4E2RBiZvfQ==
  dependencies:
    "@octokit/request" "^9.1.4"
    "@octokit/types" "^13.8.0"
    universal-user-agent "^7.0.0"

"@octokit/oauth-app@^7.1.4", "@octokit/oauth-app@^7.1.5":
  version "7.1.5"
  resolved "https://registry.yarnpkg.com/@octokit/oauth-app/-/oauth-app-7.1.5.tgz#f1d68220afad93d6d9033d8af5f6729452044c85"
  integrity sha512-/Y2MiwWDlGUK4blKKfjJiwjzu/FzwKTTTfTZAAQ0QbdBIDEGJPWhOFH6muSN86zaa4tNheB4YS3oWIR2e4ydzA==
  dependencies:
    "@octokit/auth-oauth-app" "^8.1.2"
    "@octokit/auth-oauth-user" "^5.1.2"
    "@octokit/auth-unauthenticated" "^6.1.1"
    "@octokit/core" "^6.1.3"
    "@octokit/oauth-authorization-url" "^7.1.1"
    "@octokit/oauth-methods" "^5.1.3"
    "@types/aws-lambda" "^8.10.83"
    universal-user-agent "^7.0.0"

"@octokit/oauth-authorization-url@^7.0.0", "@octokit/oauth-authorization-url@^7.1.1":
  version "7.1.1"
  resolved "https://registry.yarnpkg.com/@octokit/oauth-authorization-url/-/oauth-authorization-url-7.1.1.tgz#0e17c2225eb66b58ec902d02b6f1315ffe9ff04b"
  integrity sha512-ooXV8GBSabSWyhLUowlMIVd9l1s2nsOGQdlP2SQ4LnkEsGXzeCvbSbCPdZThXhEFzleGPwbapT0Sb+YhXRyjCA==

"@octokit/oauth-methods@^5.1.2", "@octokit/oauth-methods@^5.1.3":
  version "5.1.3"
  resolved "https://registry.yarnpkg.com/@octokit/oauth-methods/-/oauth-methods-5.1.3.tgz#d2083e7cfcc16f7c6c67141795a299538712eba8"
  integrity sha512-M+bDBi5H8FnH0xhCTg0m9hvcnppdDnxUqbZyOkxlLblKpLAR+eT2nbDPvJDp0eLrvJWA1I8OX0KHf/sBMQARRA==
  dependencies:
    "@octokit/oauth-authorization-url" "^7.0.0"
    "@octokit/request" "^9.1.4"
    "@octokit/request-error" "^6.1.6"
    "@octokit/types" "^13.6.2"

"@octokit/openapi-types@^23.0.1":
  version "23.0.1"
  resolved "https://registry.yarnpkg.com/@octokit/openapi-types/-/openapi-types-23.0.1.tgz#3721646ecd36b596ddb12650e0e89d3ebb2dd50e"
  integrity sha512-izFjMJ1sir0jn0ldEKhZ7xegCTj/ObmEDlEfpFrx4k/JyZSMRHbO3/rBwgE7f3m2DHt+RrNGIVw4wSmwnm3t/g==

"@octokit/openapi-webhooks-types@9.1.0":
  version "9.1.0"
  resolved "https://registry.yarnpkg.com/@octokit/openapi-webhooks-types/-/openapi-webhooks-types-9.1.0.tgz#467ae4a13b7fecf2eebc59ebaee3dc799eae4db3"
  integrity sha512-bO1D2jLdU8qEvqmbWjNxJzDYSFT4wesiYKIKP6f4LaM0XUGtn/0LBv/20hu9YqcnpdX38X5o/xANTMtIAqdwYw==

"@octokit/plugin-paginate-graphql@^5.2.4":
  version "5.2.4"
  resolved "https://registry.yarnpkg.com/@octokit/plugin-paginate-graphql/-/plugin-paginate-graphql-5.2.4.tgz#b6afda7b3f24cb93d2ab822ec8eac664a5d325d0"
  integrity sha512-pLZES1jWaOynXKHOqdnwZ5ULeVR6tVVCMm+AUbp0htdcyXDU95WbkYdU4R2ej1wKj5Tu94Mee2Ne0PjPO9cCyA==

"@octokit/plugin-paginate-rest@^11.3.6", "@octokit/plugin-paginate-rest@^11.4.0":
  version "11.4.0"
  resolved "https://registry.yarnpkg.com/@octokit/plugin-paginate-rest/-/plugin-paginate-rest-11.4.0.tgz#a9c3347113d793e48a014f0aa549eada00de7c9a"
  integrity sha512-ttpGck5AYWkwMkMazNCZMqxKqIq1fJBNxBfsFwwfyYKTf914jKkLF0POMS3YkPBwp5g1c2Y4L79gDz01GhSr1g==
  dependencies:
    "@octokit/types" "^13.7.0"

"@octokit/plugin-rest-endpoint-methods@^13.3.0":
  version "13.3.1"
  resolved "https://registry.yarnpkg.com/@octokit/plugin-rest-endpoint-methods/-/plugin-rest-endpoint-methods-13.3.1.tgz#1915976b689662f14d033a16e7d9307c22842234"
  integrity sha512-o8uOBdsyR+WR8MK9Cco8dCgvG13H1RlM1nWnK/W7TEACQBFux/vPREgKucxUfuDQ5yi1T3hGf4C5ZmZXAERgwQ==
  dependencies:
    "@octokit/types" "^13.8.0"

"@octokit/plugin-retry@^7.1.3":
  version "7.1.3"
  resolved "https://registry.yarnpkg.com/@octokit/plugin-retry/-/plugin-retry-7.1.3.tgz#51440714165a36e6aa5efee2f3bf24e8af094981"
  integrity sha512-8nKOXvYWnzv89gSyIvgFHmCBAxfQAOPRlkacUHL9r5oWtp5Whxl8Skb2n3ACZd+X6cYijD6uvmrQuPH/UCL5zQ==
  dependencies:
    "@octokit/request-error" "^6.1.6"
    "@octokit/types" "^13.6.2"
    bottleneck "^2.15.3"

"@octokit/plugin-throttling@^9.4.0":
  version "9.4.0"
  resolved "https://registry.yarnpkg.com/@octokit/plugin-throttling/-/plugin-throttling-9.4.0.tgz#4ed134fe97262361feb0208b7d8df63b35c72eb7"
  integrity sha512-IOlXxXhZA4Z3m0EEYtrrACkuHiArHLZ3CvqWwOez/pURNqRuwfoFlTPbN5Muf28pzFuztxPyiUiNwz8KctdZaQ==
  dependencies:
    "@octokit/types" "^13.7.0"
    bottleneck "^2.15.3"

"@octokit/request-error@^6.0.1", "@octokit/request-error@^6.1.6":
  version "6.1.6"
  resolved "https://registry.yarnpkg.com/@octokit/request-error/-/request-error-6.1.6.tgz#5f42c7894e7c3ab47c63aa3241f78cee8a826644"
  integrity sha512-pqnVKYo/at0NuOjinrgcQYpEbv4snvP3bKMRqHaD9kIsk9u1LCpb2smHZi8/qJfgeNqLo5hNW4Z7FezNdEo0xg==
  dependencies:
    "@octokit/types" "^13.6.2"

"@octokit/request@^9.1.4":
  version "9.2.0"
  resolved "https://registry.yarnpkg.com/@octokit/request/-/request-9.2.0.tgz#21aa1e72ff645f5b99ccf4a590cc33c4578bb356"
  integrity sha512-kXLfcxhC4ozCnAXy2ff+cSxpcF0A1UqxjvYMqNuPIeOAzJbVWQ+dy5G2fTylofB/gTbObT8O6JORab+5XtA1Kw==
  dependencies:
    "@octokit/endpoint" "^10.0.0"
    "@octokit/request-error" "^6.0.1"
    "@octokit/types" "^13.6.2"
    fast-content-type-parse "^2.0.0"
    universal-user-agent "^7.0.2"

"@octokit/types@^13.6.2", "@octokit/types@^13.7.0", "@octokit/types@^13.8.0":
  version "13.8.0"
  resolved "https://registry.yarnpkg.com/@octokit/types/-/types-13.8.0.tgz#3815885e5abd16ed9ffeea3dced31d37ce3f8a0a"
  integrity sha512-x7DjTIbEpEWXK99DMd01QfWy0hd5h4EN+Q7shkdKds3otGQP+oWE/y0A76i1OvH9fygo4ddvNf7ZvF0t78P98A==
  dependencies:
    "@octokit/openapi-types" "^23.0.1"

"@octokit/webhooks-methods@^5.1.1":
  version "5.1.1"
  resolved "https://registry.yarnpkg.com/@octokit/webhooks-methods/-/webhooks-methods-5.1.1.tgz#192f11a1f115702833f033293e2fef8f69f612e4"
  integrity sha512-NGlEHZDseJTCj8TMMFehzwa9g7On4KJMPVHDSrHxCQumL6uSQR8wIkP/qesv52fXqV1BPf4pTxwtS31ldAt9Xg==

"@octokit/webhooks@^13.5.1":
  version "13.6.0"
  resolved "https://registry.yarnpkg.com/@octokit/webhooks/-/webhooks-13.6.0.tgz#b690a62703f8d8a52ff870506cd424c06b623bcd"
  integrity sha512-qoYP1g6ZP01m8LtKjC+NLuAqRbiVzS5VmnwoEYlrQr6TaLRtb5yAMxWCq5/AqfrUF2Wx6ZQ9IJ4mAFytEn7J9A==
  dependencies:
    "@octokit/openapi-webhooks-types" "9.1.0"
    "@octokit/request-error" "^6.1.6"
    "@octokit/webhooks-methods" "^5.1.1"

"@types/aws-lambda@^8.10.83":
  version "8.10.147"
  resolved "https://registry.yarnpkg.com/@types/aws-lambda/-/aws-lambda-8.10.147.tgz#dc5c89aa32f47a9b35e52c32630545c83afa6f2f"
  integrity sha512-nD0Z9fNIZcxYX5Mai2CTmFD7wX7UldCkW2ezCF8D1T5hdiLsnTWDGRpfRYntU6VjTdLQjOvyszru7I1c1oCQew==

"@types/node@^22.13.1":
  version "22.13.1"
  resolved "https://registry.yarnpkg.com/@types/node/-/node-22.13.1.tgz#a2a3fefbdeb7ba6b89f40371842162fac0934f33"
  integrity sha512-jK8uzQlrvXqEU91UxiK5J7pKHyzgnI1Qnl0QDHIgVGuolJhRb9EEl28Cj9b3rGR8B2lhFCtvIm5os8lFnO/1Ew==
  dependencies:
    undici-types "~6.20.0"

"@types/nunjucks@^3.2.6":
  version "3.2.6"
  resolved "https://registry.yarnpkg.com/@types/nunjucks/-/nunjucks-3.2.6.tgz#6d6e0363719545df8b9a024279902edf68b2caa9"
  integrity sha512-pHiGtf83na1nCzliuAdq8GowYiXvH5l931xZ0YEHaLMNFgynpEqx+IPStlu7UaDkehfvl01e4x/9Tpwhy7Ue3w==

a-sync-waterfall@^1.0.0:
  version "1.0.1"
  resolved "https://registry.yarnpkg.com/a-sync-waterfall/-/a-sync-waterfall-1.0.1.tgz#75b6b6aa72598b497a125e7a2770f14f4c8a1fa7"
  integrity sha512-RYTOHHdWipFUliRFMCS4X2Yn2X8M87V/OpSqWzKKOGhzqyUxzyVmhHDH9sAvG+ZuQf/TAOFsLCpMw09I1ufUnA==

ajv@^8.17:
  version "8.17.1"
  resolved "https://registry.yarnpkg.com/ajv/-/ajv-8.17.1.tgz#37d9a5c776af6bc92d7f4f9510eba4c0a60d11a6"
  integrity sha512-B/gBuNg5SiMTrPkC+A2+cW0RszwxYmn6VYxB/inlBStS5nx6xHIt/ehKRhIMhqusl7a8LjQoZnjCs5vhwxOQ1g==
  dependencies:
    fast-deep-equal "^3.1.3"
    fast-uri "^3.0.1"
    json-schema-traverse "^1.0.0"
    require-from-string "^2.0.2"

asap@^2.0.3:
  version "2.0.6"
  resolved "https://registry.yarnpkg.com/asap/-/asap-2.0.6.tgz#e50347611d7e690943208bbdafebcbc2fb866d46"
  integrity sha512-BSHWgDSAiKs50o2Re8ppvp3seVHXSRM44cdSsT9FfNEUUZLOGWVCsiWaRPWM1Znn+mqZ1OfVZ3z3DWEzSp7hRA==

before-after-hook@^3.0.2:
  version "3.0.2"
  resolved "https://registry.yarnpkg.com/before-after-hook/-/before-after-hook-3.0.2.tgz#d5665a5fa8b62294a5aa0a499f933f4a1016195d"
  integrity sha512-Nik3Sc0ncrMK4UUdXQmAnRtzmNQTAAXmXIopizwZ1W1t8QmfJj+zL4OA2I7XPTPW5z5TDqv4hRo/JzouDJnX3A==

bottleneck@^2.15.3:
  version "2.19.5"
  resolved "https://registry.yarnpkg.com/bottleneck/-/bottleneck-2.19.5.tgz#5df0b90f59fd47656ebe63c78a98419205cadd91"
  integrity sha512-VHiNCbI1lKdl44tGrhNfU3lup0Tj/ZBMJB5/2ZbNXRCPuRCO7ed2mgcK4r17y+KB2EfuYuRaVlwNbAeaWGSpbw==

commander@^5.1.0:
  version "5.1.0"
  resolved "https://registry.yarnpkg.com/commander/-/commander-5.1.0.tgz#46abbd1652f8e059bddaef99bbdcb2ad9cf179ae"
  integrity sha512-P0CysNDQ7rtVw4QIQtm+MRxV66vKFSvlsQvGYXZWR3qFU0jlMKHZZZgw8e+8DSah4UDKMqnknRDQz+xuQXQ/Zg==

esbuild@~0.23.0:
  version "0.23.1"
  resolved "https://registry.yarnpkg.com/esbuild/-/esbuild-0.23.1.tgz#40fdc3f9265ec0beae6f59824ade1bd3d3d2dab8"
  integrity sha512-VVNz/9Sa0bs5SELtn3f7qhJCDPCF5oMEl5cO9/SSinpE9hbPVvxbd572HH5AKiP7WD8INO53GgfDDhRjkylHEg==
  optionalDependencies:
    "@esbuild/aix-ppc64" "0.23.1"
    "@esbuild/android-arm" "0.23.1"
    "@esbuild/android-arm64" "0.23.1"
    "@esbuild/android-x64" "0.23.1"
    "@esbuild/darwin-arm64" "0.23.1"
    "@esbuild/darwin-x64" "0.23.1"
    "@esbuild/freebsd-arm64" "0.23.1"
    "@esbuild/freebsd-x64" "0.23.1"
    "@esbuild/linux-arm" "0.23.1"
    "@esbuild/linux-arm64" "0.23.1"
    "@esbuild/linux-ia32" "0.23.1"
    "@esbuild/linux-loong64" "0.23.1"
    "@esbuild/linux-mips64el" "0.23.1"
    "@esbuild/linux-ppc64" "0.23.1"
    "@esbuild/linux-riscv64" "0.23.1"
    "@esbuild/linux-s390x" "0.23.1"
    "@esbuild/linux-x64" "0.23.1"
    "@esbuild/netbsd-x64" "0.23.1"
    "@esbuild/openbsd-arm64" "0.23.1"
    "@esbuild/openbsd-x64" "0.23.1"
    "@esbuild/sunos-x64" "0.23.1"
    "@esbuild/win32-arm64" "0.23.1"
    "@esbuild/win32-ia32" "0.23.1"
    "@esbuild/win32-x64" "0.23.1"

fast-content-type-parse@^2.0.0:
  version "2.0.1"
  resolved "https://registry.yarnpkg.com/fast-content-type-parse/-/fast-content-type-parse-2.0.1.tgz#c236124534ee2cb427c8d8e5ba35a4856947847b"
  integrity sha512-nGqtvLrj5w0naR6tDPfB4cUmYCqouzyQiz6C5y/LtcDllJdrcc6WaWW6iXyIIOErTa/XRybj28aasdn4LkVk6Q==

fast-deep-equal@^3.1.3:
  version "3.1.3"
  resolved "https://registry.yarnpkg.com/fast-deep-equal/-/fast-deep-equal-3.1.3.tgz#3a7d56b559d6cbc3eb512325244e619a65c6c525"
  integrity sha512-f3qQ9oQy9j2AhBe/H9VC91wLmKBCCU/gDOnKNAYG5hswO7BLKj09Hc5HYNz9cGI++xlpDCIgDaitVs03ATR84Q==

fast-uri@^3.0.1:
  version "3.0.6"
  resolved "https://registry.yarnpkg.com/fast-uri/-/fast-uri-3.0.6.tgz#88f130b77cfaea2378d56bf970dea21257a68748"
  integrity sha512-Atfo14OibSv5wAp4VWNsFYE1AchQRTv9cBGWET4pZWHzYshFSS9NQI6I57rdKn9croWVMbYFbLhJ+yJvmZIIHw==

fsevents@~2.3.3:
  version "2.3.3"
  resolved "https://registry.yarnpkg.com/fsevents/-/fsevents-2.3.3.tgz#cac6407785d03675a2a5e1a5305c697b347d90d6"
  integrity sha512-5xoDfX+fL7faATnagmWPpbFtwh/R77WmMMqqHGS65C3vvB0YHrgF+B1YmZ3441tMj5n63k0212XNoJwzlhffQw==

get-tsconfig@^4.7.5:
  version "4.10.0"
  resolved "https://registry.yarnpkg.com/get-tsconfig/-/get-tsconfig-4.10.0.tgz#403a682b373a823612475a4c2928c7326fc0f6bb"
  integrity sha512-kGzZ3LWWQcGIAmg6iWvXn0ei6WDtV26wzHRMwDSzmAbcXrTEXxHy6IehI6/4eT6VRKyMP1eF1VqwrVUmE/LR7A==
  dependencies:
    resolve-pkg-maps "^1.0.0"

json-schema-traverse@^1.0.0:
  version "1.0.0"
  resolved "https://registry.yarnpkg.com/json-schema-traverse/-/json-schema-traverse-1.0.0.tgz#ae7bcb3656ab77a73ba5c49bf654f38e6b6860e2"
  integrity sha512-NM8/P9n3XjXhIZn1lLhkFaACTOURQXjWhV4BA/RnOv8xvgqtqpAX9IO4mRQxSx1Rlo4tqzeqb0sOlruaOy3dug==

nunjucks@^3.2.4:
  version "3.2.4"
  resolved "https://registry.yarnpkg.com/nunjucks/-/nunjucks-3.2.4.tgz#f0878eef528ce7b0aa35d67cc6898635fd74649e"
  integrity sha512-26XRV6BhkgK0VOxfbU5cQI+ICFUtMLixv1noZn1tGU38kQH5A5nmmbk/O45xdyBhD1esk47nKrY0mvQpZIhRjQ==
  dependencies:
    a-sync-waterfall "^1.0.0"
    asap "^2.0.3"
    commander "^5.1.0"

octokit@^4.1.1:
  version "4.1.1"
  resolved "https://registry.yarnpkg.com/octokit/-/octokit-4.1.1.tgz#faf1ba11b005fd12d662fc44efc4f338694a62a2"
  integrity sha512-GMjkrTnGk2PB9MKnK5SVDj4wSrnVX39vldKvYIC3MVNDQY1nZ6ufPrGCUFsQ645q5q+PG+CHUWRB6ZH8MBcyFg==
  dependencies:
    "@octokit/app" "^15.1.3"
    "@octokit/core" "^6.1.3"
    "@octokit/oauth-app" "^7.1.4"
    "@octokit/plugin-paginate-graphql" "^5.2.4"
    "@octokit/plugin-paginate-rest" "^11.4.0"
    "@octokit/plugin-rest-endpoint-methods" "^13.3.0"
    "@octokit/plugin-retry" "^7.1.3"
    "@octokit/plugin-throttling" "^9.4.0"
    "@octokit/request-error" "^6.1.6"
    "@octokit/types" "^13.7.0"

require-from-string@^2.0.2:
  version "2.0.2"
  resolved "https://registry.yarnpkg.com/require-from-string/-/require-from-string-2.0.2.tgz#89a7fdd938261267318eafe14f9c32e598c36909"
  integrity sha512-Xf0nWe6RseziFMu+Ap9biiUbmplq6S9/p+7w7YXP/JBHhrUDDUhwa+vANyubuqfZWTveU//DYVGsDG7RKL/vEw==

resolve-pkg-maps@^1.0.0:
  version "1.0.0"
  resolved "https://registry.yarnpkg.com/resolve-pkg-maps/-/resolve-pkg-maps-1.0.0.tgz#616b3dc2c57056b5588c31cdf4b3d64db133720f"
  integrity sha512-seS2Tj26TBVOC2NIc2rOe2y2ZO7efxITtLZcGSOnHHNOQ7CkiUBfw0Iw2ck6xkIhPwLhKNLS8BO+hEpngQlqzw==

toad-cache@^3.7.0:
  version "3.7.0"
  resolved "https://registry.yarnpkg.com/toad-cache/-/toad-cache-3.7.0.tgz#b9b63304ea7c45ec34d91f1d2fa513517025c441"
  integrity sha512-/m8M+2BJUpoJdgAHoG+baCwBT+tf2VraSfkBgl0Y00qIWt41DJ8R5B8nsEw0I58YwF5IZH6z24/2TobDKnqSWw==

tsx@^4.19.2:
  version "4.19.2"
  resolved "https://registry.yarnpkg.com/tsx/-/tsx-4.19.2.tgz#2d7814783440e0ae42354d0417d9c2989a2ae92c"
  integrity sha512-pOUl6Vo2LUq/bSa8S5q7b91cgNSjctn9ugq/+Mvow99qW6x/UZYwzxy/3NmqoT66eHYfCVvFvACC58UBPFf28g==
  dependencies:
    esbuild "~0.23.0"
    get-tsconfig "^4.7.5"
  optionalDependencies:
    fsevents "~2.3.3"

typescript@^5.7.3:
  version "5.7.3"
  resolved "https://registry.yarnpkg.com/typescript/-/typescript-5.7.3.tgz#919b44a7dbb8583a9b856d162be24a54bf80073e"
  integrity sha512-84MVSjMEHP+FQRPy3pX9sTVV/INIex71s9TL2Gm5FG/WG1SqXeKyZ0k7/blY/4FdOzI12CBy1vGc4og/eus0fw==

undici-types@~6.20.0:
  version "6.20.0"
  resolved "https://registry.yarnpkg.com/undici-types/-/undici-types-6.20.0.tgz#8171bf22c1f588d1554d55bf204bc624af388433"
  integrity sha512-Ny6QZ2Nju20vw1SRHe3d9jVu6gJ+4e3+MMpqu7pqE5HT6WsTSlce++GQmK5UXS8mzV8DSYHrQH+Xrf2jVcuKNg==

universal-github-app-jwt@^2.2.0:
  version "2.2.0"
  resolved "https://registry.yarnpkg.com/universal-github-app-jwt/-/universal-github-app-jwt-2.2.0.tgz#dc6c8929e76f1996a766ba2a08fb420f73365d77"
  integrity sha512-G5o6f95b5BggDGuUfKDApKaCgNYy2x7OdHY0zSMF081O0EJobw+1130VONhrA7ezGSV2FNOGyM+KQpQZAr9bIQ==

universal-user-agent@^7.0.0, universal-user-agent@^7.0.2:
  version "7.0.2"
  resolved "https://registry.yarnpkg.com/universal-user-agent/-/universal-user-agent-7.0.2.tgz#52e7d0e9b3dc4df06cc33cb2b9fd79041a54827e"
  integrity sha512-0JCqzSKnStlRRQfCdowvqy3cy0Dvtlb8xecj/H8JFZuCze4rwjPZQOgvFvn0Ws/usCHQFGpyr+pB9adaGwXn4Q==
